
Microsoft Visual Studio Solution File, Format Version 12.00
# Visual Studio 15
VisualStudioVersion = 15.0.28010.2041
MinimumVisualStudioVersion = 10.0.40219.1
Project("{FAE04EC0-301F-11D3-BF4B-00C04F79EFBC}") = "TP3Interface", "TP3Interface.csproj", "{705EB9FB-A81D-42B9-8675-CB6B89B4BD75}"
EndProject
Global
	GlobalSection(SolutionConfigurationPlatforms) = preSolution
		Debug|Any CPU = Debug|Any CPU
		Release|Any CPU = Release|Any CPU
	EndGlobalSection
	GlobalSection(ProjectConfigurationPlatforms) = postSolution
		{705EB9FB-A81D-42B9-8675-CB6B89B4BD75}.Debug|Any CPU.ActiveCfg = Debug|Any CPU
		{705EB9FB-A81D-42B9-8675-CB6B89B4BD75}.Debug|Any CPU.Build.0 = Debug|Any CPU
		{705EB9FB-A81D-42B9-8675-CB6B89B4BD75}.Release|Any CPU.ActiveCfg = Release|Any CPU
		{705EB9FB-A81D-42B9-8675-CB6B89B4BD75}.Release|Any CPU.Build.0 = Release|Any CPU
	EndGlobalSection
	GlobalSection(SolutionProperties) = preSolution
		HideSolutionNode = FALSE
	EndGlobalSection
	GlobalSection(ExtensibilityGlobals) = postSolution
		SolutionGuid = {F7B80E8C-9A34-4B94-BC65-CA6225E9377D}
	EndGlobalSection
EndGlobal
